
Microsoft Visual Studio Solution File, Format Version 12.00
# Visual Studio Version 16
VisualStudioVersion = 16.0.31624.102
MinimumVisualStudioVersion = 10.0.40219.1
Project("{FAE04EC0-301F-11D3-BF4B-00C04F79EFBC}") = "rock-paper-scissors", "rock-paper-scissors\rock-paper-scissors.csproj", "{0B2567CE-24EA-4E34-9E6A-850D7A4F0D53}"
EndProject
Global
	GlobalSection(SolutionConfigurationPlatforms) = preSolution
		Debug|Any CPU = Debug|Any CPU
		Release|Any CPU = Release|Any CPU
	EndGlobalSection
	GlobalSection(ProjectConfigurationPlatforms) = postSolution
		{0B2567CE-24EA-4E34-9E6A-850D7A4F0D53}.Debug|Any CPU.ActiveCfg = Debug|Any CPU
		{0B2567CE-24EA-4E34-9E6A-850D7A4F0D53}.Debug|Any CPU.Build.0 = Debug|Any CPU
		{0B2567CE-24EA-4E34-9E6A-850D7A4F0D53}.Release|Any CPU.ActiveCfg = Release|Any CPU
		{0B2567CE-24EA-4E34-9E6A-850D7A4F0D53}.Release|Any CPU.Build.0 = Release|Any CPU
	EndGlobalSection
	GlobalSection(SolutionProperties) = preSolution
		HideSolutionNode = FALSE
	EndGlobalSection
	GlobalSection(ExtensibilityGlobals) = postSolution
		SolutionGuid = {837BD2F9-397D-422A-A8B7-CCA2D8025858}
	EndGlobalSection
EndGlobal
